
Microsoft Visual Studio Solution File, Format Version 12.00
# Visual Studio 2012
Project("{FAE04EC0-301F-11D3-BF4B-00C04F79EFBC}") = "BddWithXamarinUITest", "BddWithXamarinUITest.csproj", "{C609F28E-CB74-44D0-B9A9-DD9F31EC2732}"
EndProject
Global
	GlobalSection(SolutionConfigurationPlatforms) = preSolution
		Debug|Any CPU = Debug|Any CPU
		Release|Any CPU = Release|Any CPU
	EndGlobalSection
	GlobalSection(ProjectConfigurationPlatforms) = postSolution
		{C609F28E-CB74-44D0-B9A9-DD9F31EC2732}.Debug|Any CPU.ActiveCfg = Debug|Any CPU
		{C609F28E-CB74-44D0-B9A9-DD9F31EC2732}.Debug|Any CPU.Build.0 = Debug|Any CPU
		{C609F28E-CB74-44D0-B9A9-DD9F31EC2732}.Release|Any CPU.ActiveCfg = Release|Any CPU
		{C609F28E-CB74-44D0-B9A9-DD9F31EC2732}.Release|Any CPU.Build.0 = Release|Any CPU
	EndGlobalSection
EndGlobal
